{
  "version": 4,
  "terraform_version": "1.5.0",
  "serial": 1,
  "lineage": "samoyed-corp-mesh-azure-demo",
  "subscription_id": "11111111-1111-1111-1111-111111111111",
  "resources": [
    {
      "mode": "managed",
      "type": "azurerm_virtual_network",
      "name": "dmz",
      "instances": [{
        "attributes": {
          "id": "/subscriptions/11111111-1111-1111-1111-111111111111/resourceGroups/rg-dmz/providers/Microsoft.Network/virtualNetworks/vnet-dmz",
          "name": "vnet-dmz",
          "address_space": ["10.0.0.0/16"],
          "resource_group_name": "rg-dmz"
        }
      }]
    },
    {
      "mode": "managed",
      "type": "azurerm_virtual_network",
      "name": "app",
      "instances": [{
        "attributes": {
          "id": "/subscriptions/22222222-2222-2222-2222-222222222222/resourceGroups/rg-app/providers/Microsoft.Network/virtualNetworks/vnet-app",
          "name": "vnet-app",
          "address_space": ["10.10.0.0/16"],
          "resource_group_name": "rg-app"
        }
      }]
    },
    {
      "mode": "managed",
      "type": "azurerm_subnet",
      "name": "dmz",
      "instances": [{
        "attributes": {
          "id": "/subscriptions/11111111-1111-1111-1111-111111111111/resourceGroups/rg-dmz/providers/Microsoft.Network/virtualNetworks/vnet-dmz/subnets/snet-dmz",
          "name": "snet-dmz",
          "virtual_network_name": "vnet-dmz",
          "virtual_network_id": "/subscriptions/11111111-1111-1111-1111-111111111111/resourceGroups/rg-dmz/providers/Microsoft.Network/virtualNetworks/vnet-dmz",
          "address_prefixes": ["10.0.1.0/24"]
        }
      }]
    },
    {
      "mode": "managed",
      "type": "azurerm_subnet",
      "name": "app",
      "instances": [{
        "attributes": {
          "id": "/subscriptions/22222222-2222-2222-2222-222222222222/resourceGroups/rg-app/providers/Microsoft.Network/virtualNetworks/vnet-app/subnets/snet-app",
          "name": "snet-app",
          "virtual_network_name": "vnet-app",
          "virtual_network_id": "/subscriptions/22222222-2222-2222-2222-222222222222/resourceGroups/rg-app/providers/Microsoft.Network/virtualNetworks/vnet-app",
          "address_prefixes": ["10.10.1.0/24"]
        }
      }]
    },
    {
      "mode": "managed",
      "type": "azurerm_network_security_group",
      "name": "bastion",
      "instances": [{
        "attributes": {
          "id": "/subscriptions/11111111-1111-1111-1111-111111111111/resourceGroups/rg-dmz/providers/Microsoft.Network/networkSecurityGroups/nsg-bastion",
          "name": "nsg-bastion",
          "security_rule": [{
            "name": "ssh",
            "direction": "Inbound",
            "access": "Allow",
            "protocol": "Tcp",
            "source_address_prefix": "*",
            "destination_port_range": "22"
          }]
        }
      }]
    },
    {
      "mode": "managed",
      "type": "azurerm_virtual_network_peering",
      "name": "dmz_to_app",
      "instances": [{
        "attributes": {
          "id": "/subscriptions/11111111-1111-1111-1111-111111111111/resourceGroups/rg-dmz/providers/Microsoft.Network/virtualNetworks/vnet-dmz/virtualNetworkPeerings/peer-dmz-app",
          "name": "peer-dmz-app",
          "virtual_network_name": "vnet-dmz",
          "virtual_network_id": "/subscriptions/11111111-1111-1111-1111-111111111111/resourceGroups/rg-dmz/providers/Microsoft.Network/virtualNetworks/vnet-dmz",
          "remote_virtual_network_id": "/subscriptions/22222222-2222-2222-2222-222222222222/resourceGroups/rg-app/providers/Microsoft.Network/virtualNetworks/vnet-app",
          "allow_virtual_network_access": true
        }
      }]
    },
    {
      "mode": "managed",
      "type": "azurerm_user_assigned_identity",
      "name": "bastion",
      "instances": [{
        "attributes": {
          "id": "/subscriptions/11111111-1111-1111-1111-111111111111/resourceGroups/rg-dmz/providers/Microsoft.ManagedIdentity/userAssignedIdentities/mi-bastion",
          "name": "mi-bastion",
          "principal_id": "aaaaaaaa-aaaa-aaaa-aaaa-aaaaaaaaaaaa",
          "client_id": "aaaaaaaa-aaaa-aaaa-aaaa-aaaaaaaaaa01"
        }
      }]
    },
    {
      "mode": "managed",
      "type": "azurerm_user_assigned_identity",
      "name": "app",
      "instances": [{
        "attributes": {
          "id": "/subscriptions/22222222-2222-2222-2222-222222222222/resourceGroups/rg-app/providers/Microsoft.ManagedIdentity/userAssignedIdentities/mi-app-api",
          "name": "mi-app-api",
          "principal_id": "bbbbbbbb-bbbb-bbbb-bbbb-bbbbbbbbbbbb",
          "client_id": "bbbbbbbb-bbbb-bbbb-bbbb-bbbbbbbbbb01"
        }
      }]
    },
    {
      "mode": "managed",
      "type": "azurerm_user_assigned_identity",
      "name": "automation",
      "instances": [{
        "attributes": {
          "id": "/subscriptions/22222222-2222-2222-2222-222222222222/resourceGroups/rg-app/providers/Microsoft.ManagedIdentity/userAssignedIdentities/mi-automation",
          "name": "mi-automation",
          "principal_id": "cccccccc-cccc-cccc-cccc-cccccccccccc",
          "client_id": "cccccccc-cccc-cccc-cccc-cccccccccc01"
        }
      }]
    },
    {
      "mode": "managed",
      "type": "azurerm_linux_virtual_machine",
      "name": "bastion",
      "instances": [{
        "attributes": {
          "id": "/subscriptions/11111111-1111-1111-1111-111111111111/resourceGroups/rg-dmz/providers/Microsoft.Compute/virtualMachines/vm-bastion-01",
          "name": "vm-bastion-01",
          "private_ip_address": "10.0.1.10",
          "public_ip_address": "203.0.113.40",
          "subnet_id": "/subscriptions/11111111-1111-1111-1111-111111111111/resourceGroups/rg-dmz/providers/Microsoft.Network/virtualNetworks/vnet-dmz/subnets/snet-dmz",
          "vnet_id": "/subscriptions/11111111-1111-1111-1111-111111111111/resourceGroups/rg-dmz/providers/Microsoft.Network/virtualNetworks/vnet-dmz",
          "network_security_group_ids": [
            "/subscriptions/11111111-1111-1111-1111-111111111111/resourceGroups/rg-dmz/providers/Microsoft.Network/networkSecurityGroups/nsg-bastion"
          ],
          "identity": [{
            "type": "UserAssigned",
            "identity_ids": [
              "/subscriptions/11111111-1111-1111-1111-111111111111/resourceGroups/rg-dmz/providers/Microsoft.ManagedIdentity/userAssignedIdentities/mi-bastion"
            ],
            "principal_id": ""
          }]
        }
      }]
    },
    {
      "mode": "managed",
      "type": "azurerm_linux_web_app",
      "name": "api",
      "instances": [{
        "attributes": {
          "id": "/subscriptions/22222222-2222-2222-2222-222222222222/resourceGroups/rg-app/providers/Microsoft.Web/sites/app-corp-api",
          "name": "app-corp-api",
          "identity": [{
            "type": "UserAssigned",
            "identity_ids": [
              "/subscriptions/22222222-2222-2222-2222-222222222222/resourceGroups/rg-app/providers/Microsoft.ManagedIdentity/userAssignedIdentities/mi-app-api"
            ]
          }]
        }
      }]
    },
    {
      "mode": "managed",
      "type": "azurerm_key_vault",
      "name": "pci",
      "instances": [{
        "attributes": {
          "id": "/subscriptions/22222222-2222-2222-2222-222222222222/resourceGroups/rg-app/providers/Microsoft.KeyVault/vaults/corp-kv-pci",
          "name": "corp-kv-pci",
          "vault_uri": "https://corp-kv-pci.vault.azure.net/"
        }
      }]
    },
    {
      "mode": "managed",
      "type": "azurerm_key_vault_secret",
      "name": "crown_jewel",
      "instances": [{
        "attributes": {
          "id": "https://corp-kv-pci.vault.azure.net/secrets/customer-pii-export/00000000000000000000000000000000",
          "name": "customer-pii-export",
          "key_vault_id": "/subscriptions/22222222-2222-2222-2222-222222222222/resourceGroups/rg-app/providers/Microsoft.KeyVault/vaults/corp-kv-pci"
        }
      }]
    },
    {
      "mode": "managed",
      "type": "azurerm_storage_account",
      "name": "artifacts",
      "instances": [{
        "attributes": {
          "id": "/subscriptions/22222222-2222-2222-2222-222222222222/resourceGroups/rg-app/providers/Microsoft.Storage/storageAccounts/corpartifactsapp",
          "name": "corpartifactsapp"
        }
      }]
    },
    {
      "mode": "managed",
      "type": "azurerm_container_registry",
      "name": "shared",
      "instances": [{
        "attributes": {
          "id": "/subscriptions/22222222-2222-2222-2222-222222222222/resourceGroups/rg-app/providers/Microsoft.ContainerRegistry/registries/corpacrshared",
          "name": "corpacrshared"
        }
      }]
    },
    {
      "mode": "managed",
      "type": "azurerm_automation_account",
      "name": "ops",
      "instances": [{
        "attributes": {
          "id": "/subscriptions/22222222-2222-2222-2222-222222222222/resourceGroups/rg-app/providers/Microsoft.Automation/automationAccounts/aa-corp-ops",
          "name": "aa-corp-ops",
          "identity": [{
            "type": "UserAssigned",
            "identity_ids": [
              "/subscriptions/22222222-2222-2222-2222-222222222222/resourceGroups/rg-app/providers/Microsoft.ManagedIdentity/userAssignedIdentities/mi-automation"
            ]
          }]
        }
      }]
    },
    {
      "mode": "managed",
      "type": "azurerm_federated_identity_credential",
      "name": "github",
      "instances": [{
        "attributes": {
          "id": "/subscriptions/22222222-2222-2222-2222-222222222222/resourceGroups/rg-app/providers/Microsoft.ManagedIdentity/userAssignedIdentities/mi-app-api/federatedIdentityCredentials/github-oidc",
          "name": "github-oidc",
          "parent_id": "/subscriptions/22222222-2222-2222-2222-222222222222/resourceGroups/rg-app/providers/Microsoft.ManagedIdentity/userAssignedIdentities/mi-app-api",
          "issuer": "https://token.actions.githubusercontent.com",
          "subject": "repo:corp/app:ref:refs/heads/main",
          "audience": ["api://AzureADTokenExchange"]
        }
      }]
    },
    {
      "mode": "managed",
      "type": "azurerm_role_assignment",
      "name": "bastion_controls_webapp",
      "instances": [{
        "attributes": {
          "id": "/subscriptions/22222222-2222-2222-2222-222222222222/providers/Microsoft.Authorization/roleAssignments/ra-bastion-web",
          "name": "ra-bastion-web",
          "principal_id": "aaaaaaaa-aaaa-aaaa-aaaa-aaaaaaaaaaaa",
          "principal_type": "ServicePrincipal",
          "role_definition_name": "Website Contributor",
          "scope": "/subscriptions/22222222-2222-2222-2222-222222222222/resourceGroups/rg-app/providers/Microsoft.Web/sites/app-corp-api"
        }
      }]
    },
    {
      "mode": "managed",
      "type": "azurerm_role_assignment",
      "name": "app_reads_kv",
      "instances": [{
        "attributes": {
          "id": "/subscriptions/22222222-2222-2222-2222-222222222222/providers/Microsoft.Authorization/roleAssignments/ra-app-kv",
          "name": "ra-app-kv",
          "principal_id": "bbbbbbbb-bbbb-bbbb-bbbb-bbbbbbbbbbbb",
          "principal_type": "ServicePrincipal",
          "role_definition_name": "Key Vault Secrets User",
          "scope": "/subscriptions/22222222-2222-2222-2222-222222222222/resourceGroups/rg-app/providers/Microsoft.KeyVault/vaults/corp-kv-pci"
        }
      }]
    },
    {
      "mode": "managed",
      "type": "azurerm_role_assignment",
      "name": "automation_owner",
      "instances": [{
        "attributes": {
          "id": "/subscriptions/22222222-2222-2222-2222-222222222222/providers/Microsoft.Authorization/roleAssignments/ra-auto-owner",
          "name": "ra-auto-owner",
          "principal_id": "cccccccc-cccc-cccc-cccc-cccccccccccc",
          "principal_type": "ServicePrincipal",
          "role_definition_name": "Owner",
          "scope": "/subscriptions/22222222-2222-2222-2222-222222222222"
        }
      }]
    }
  ]
}
