{
  "version": 4,
  "terraform_version": "1.5.0",
  "serial": 2,
  "lineage": "samoyed-grand-tri-cloud-aws",
  "outputs": {},
  "resources": [
    {
      "mode": "managed",
      "type": "aws_vpc",
      "name": "dmz",
      "provider": "provider[\"registry.terraform.io/hashicorp/aws\"]",
      "instances": [
        {
          "attributes": {
            "id": "vpc-dmz001",
            "cidr_block": "10.0.0.0/16",
            "owner_id": "111111111111",
            "tags": {
              "Name": "dmz"
            }
          }
        }
      ]
    },
    {
      "mode": "managed",
      "type": "aws_vpc",
      "name": "app",
      "provider": "provider[\"registry.terraform.io/hashicorp/aws\"]",
      "instances": [
        {
          "attributes": {
            "id": "vpc-app001",
            "cidr_block": "10.10.0.0/16",
            "owner_id": "111111111111",
            "tags": {
              "Name": "app"
            }
          }
        }
      ]
    },
    {
      "mode": "managed",
      "type": "aws_vpc",
      "name": "pci",
      "provider": "provider[\"registry.terraform.io/hashicorp/aws\"]",
      "instances": [
        {
          "attributes": {
            "id": "vpc-pci001",
            "cidr_block": "10.20.0.0/16",
            "owner_id": "111111111111",
            "tags": {
              "Name": "pci"
            }
          }
        }
      ]
    },
    {
      "mode": "managed",
      "type": "aws_vpc",
      "name": "shared",
      "provider": "provider[\"registry.terraform.io/hashicorp/aws\"]",
      "instances": [
        {
          "attributes": {
            "id": "vpc-shared001",
            "cidr_block": "10.30.0.0/16",
            "owner_id": "222222222222",
            "tags": {
              "Name": "shared"
            }
          }
        }
      ]
    },
    {
      "mode": "managed",
      "type": "aws_vpc",
      "name": "staging",
      "provider": "provider[\"registry.terraform.io/hashicorp/aws\"]",
      "instances": [
        {
          "attributes": {
            "id": "vpc-staging001",
            "cidr_block": "10.40.0.0/16",
            "owner_id": "333333333333",
            "tags": {
              "Name": "staging"
            }
          }
        }
      ]
    },
    {
      "mode": "managed",
      "type": "aws_security_group",
      "name": "dmz_alb",
      "provider": "provider[\"registry.terraform.io/hashicorp/aws\"]",
      "instances": [
        {
          "attributes": {
            "id": "sg-dmzalb",
            "vpc_id": "vpc-dmz001",
            "owner_id": "111111111111",
            "name": "dmz_alb",
            "ingress": [
              {
                "cidr_blocks": [
                  "0.0.0.0/0"
                ],
                "ipv6_cidr_blocks": [],
                "security_groups": [],
                "self": false,
                "from_port": 443,
                "to_port": 443,
                "protocol": "tcp"
              },
              {
                "cidr_blocks": [
                  "0.0.0.0/0"
                ],
                "ipv6_cidr_blocks": [],
                "security_groups": [],
                "self": false,
                "from_port": 80,
                "to_port": 80,
                "protocol": "tcp"
              }
            ],
            "tags": {
              "Name": "dmz_alb"
            }
          }
        }
      ]
    },
    {
      "mode": "managed",
      "type": "aws_security_group",
      "name": "dmz_bastion",
      "provider": "provider[\"registry.terraform.io/hashicorp/aws\"]",
      "instances": [
        {
          "attributes": {
            "id": "sg-dmzbastion",
            "vpc_id": "vpc-dmz001",
            "owner_id": "111111111111",
            "name": "dmz_bastion",
            "ingress": [
              {
                "cidr_blocks": [
                  "0.0.0.0/0"
                ],
                "ipv6_cidr_blocks": [],
                "security_groups": [],
                "self": false,
                "from_port": 22,
                "to_port": 22,
                "protocol": "tcp"
              }
            ],
            "tags": {
              "Name": "dmz_bastion"
            }
          }
        }
      ]
    },
    {
      "mode": "managed",
      "type": "aws_security_group",
      "name": "dmz_web",
      "provider": "provider[\"registry.terraform.io/hashicorp/aws\"]",
      "instances": [
        {
          "attributes": {
            "id": "sg-dmzweb",
            "vpc_id": "vpc-dmz001",
            "owner_id": "111111111111",
            "name": "dmz_web",
            "ingress": [
              {
                "cidr_blocks": [],
                "ipv6_cidr_blocks": [],
                "security_groups": [
                  "sg-dmzalb"
                ],
                "self": false,
                "from_port": 443,
                "to_port": 443,
                "protocol": "tcp"
              },
              {
                "cidr_blocks": [
                  "10.0.0.0/16"
                ],
                "ipv6_cidr_blocks": [],
                "security_groups": [],
                "self": false,
                "from_port": 0,
                "to_port": 0,
                "protocol": "-1"
              }
            ],
            "tags": {
              "Name": "dmz_web"
            }
          }
        }
      ]
    },
    {
      "mode": "managed",
      "type": "aws_security_group",
      "name": "app_alb",
      "provider": "provider[\"registry.terraform.io/hashicorp/aws\"]",
      "instances": [
        {
          "attributes": {
            "id": "sg-appalb",
            "vpc_id": "vpc-app001",
            "owner_id": "111111111111",
            "name": "app_alb",
            "ingress": [
              {
                "cidr_blocks": [
                  "10.0.0.0/16"
                ],
                "ipv6_cidr_blocks": [],
                "security_groups": [],
                "self": false,
                "from_port": 443,
                "to_port": 443,
                "protocol": "tcp"
              }
            ],
            "tags": {
              "Name": "app_alb"
            }
          }
        }
      ]
    },
    {
      "mode": "managed",
      "type": "aws_security_group",
      "name": "app_svc",
      "provider": "provider[\"registry.terraform.io/hashicorp/aws\"]",
      "instances": [
        {
          "attributes": {
            "id": "sg-appsvc",
            "vpc_id": "vpc-app001",
            "owner_id": "111111111111",
            "name": "app_svc",
            "ingress": [
              {
                "cidr_blocks": [
                  "10.10.0.0/16",
                  "10.0.0.0/16"
                ],
                "ipv6_cidr_blocks": [],
                "security_groups": [],
                "self": false,
                "from_port": 0,
                "to_port": 0,
                "protocol": "-1"
              },
              {
                "cidr_blocks": [],
                "ipv6_cidr_blocks": [],
                "security_groups": [
                  "sg-appalb"
                ],
                "self": false,
                "from_port": 8080,
                "to_port": 8080,
                "protocol": "tcp"
              }
            ],
            "tags": {
              "Name": "app_svc"
            }
          }
        }
      ]
    },
    {
      "mode": "managed",
      "type": "aws_security_group",
      "name": "pci_data",
      "provider": "provider[\"registry.terraform.io/hashicorp/aws\"]",
      "instances": [
        {
          "attributes": {
            "id": "sg-pcidata",
            "vpc_id": "vpc-pci001",
            "owner_id": "111111111111",
            "name": "pci_data",
            "ingress": [
              {
                "cidr_blocks": [
                  "10.10.0.0/16"
                ],
                "ipv6_cidr_blocks": [],
                "security_groups": [],
                "self": false,
                "from_port": 5432,
                "to_port": 5432,
                "protocol": "tcp"
              },
              {
                "cidr_blocks": [
                  "10.20.0.0/16"
                ],
                "ipv6_cidr_blocks": [],
                "security_groups": [],
                "self": false,
                "from_port": 0,
                "to_port": 0,
                "protocol": "-1"
              }
            ],
            "tags": {
              "Name": "pci_data"
            }
          }
        }
      ]
    },
    {
      "mode": "managed",
      "type": "aws_security_group",
      "name": "shared_cicd",
      "provider": "provider[\"registry.terraform.io/hashicorp/aws\"]",
      "instances": [
        {
          "attributes": {
            "id": "sg-sharedcicd",
            "vpc_id": "vpc-shared001",
            "owner_id": "222222222222",
            "name": "shared_cicd",
            "ingress": [
              {
                "cidr_blocks": [
                  "10.10.0.0/16"
                ],
                "ipv6_cidr_blocks": [],
                "security_groups": [],
                "self": false,
                "from_port": 0,
                "to_port": 0,
                "protocol": "-1"
              },
              {
                "cidr_blocks": [
                  "10.30.0.0/16"
                ],
                "ipv6_cidr_blocks": [],
                "security_groups": [],
                "self": false,
                "from_port": 0,
                "to_port": 0,
                "protocol": "-1"
              }
            ],
            "tags": {
              "Name": "shared_cicd"
            }
          }
        }
      ]
    },
    {
      "mode": "managed",
      "type": "aws_security_group",
      "name": "staging_open",
      "provider": "provider[\"registry.terraform.io/hashicorp/aws\"]",
      "instances": [
        {
          "attributes": {
            "id": "sg-stagingopen",
            "vpc_id": "vpc-staging001",
            "owner_id": "333333333333",
            "name": "staging_open",
            "ingress": [
              {
                "cidr_blocks": [
                  "10.0.0.0/16",
                  "10.40.0.0/16"
                ],
                "ipv6_cidr_blocks": [],
                "security_groups": [],
                "self": false,
                "from_port": 0,
                "to_port": 0,
                "protocol": "-1"
              },
              {
                "cidr_blocks": [
                  "0.0.0.0/0"
                ],
                "ipv6_cidr_blocks": [],
                "security_groups": [],
                "self": false,
                "from_port": 443,
                "to_port": 443,
                "protocol": "tcp"
              }
            ],
            "tags": {
              "Name": "staging_open"
            }
          }
        }
      ]
    },
    {
      "mode": "managed",
      "type": "aws_vpc_peering_connection",
      "name": "dmz_to_app",
      "provider": "provider[\"registry.terraform.io/hashicorp/aws\"]",
      "instances": [
        {
          "attributes": {
            "id": "pcx-dmzapp",
            "vpc_id": "vpc-dmz001",
            "peer_vpc_id": "vpc-app001",
            "owner_id": "111111111111",
            "peer_owner_id": "111111111111",
            "accept_status": "active",
            "requester": {
              "vpc_id": "vpc-dmz001",
              "owner_id": "111111111111",
              "cidr_block": "10.0.0.0/16"
            },
            "accepter": {
              "vpc_id": "vpc-app001",
              "owner_id": "111111111111",
              "cidr_block": "10.10.0.0/16"
            },
            "tags": {
              "Name": "dmz_to_app"
            }
          }
        }
      ]
    },
    {
      "mode": "managed",
      "type": "aws_vpc_peering_connection",
      "name": "app_to_pci",
      "provider": "provider[\"registry.terraform.io/hashicorp/aws\"]",
      "instances": [
        {
          "attributes": {
            "id": "pcx-apppci",
            "vpc_id": "vpc-app001",
            "peer_vpc_id": "vpc-pci001",
            "owner_id": "111111111111",
            "peer_owner_id": "111111111111",
            "accept_status": "active",
            "requester": {
              "vpc_id": "vpc-app001",
              "owner_id": "111111111111",
              "cidr_block": "10.10.0.0/16"
            },
            "accepter": {
              "vpc_id": "vpc-pci001",
              "owner_id": "111111111111",
              "cidr_block": "10.20.0.0/16"
            },
            "tags": {
              "Name": "app_to_pci"
            }
          }
        }
      ]
    },
    {
      "mode": "managed",
      "type": "aws_vpc_peering_connection",
      "name": "app_to_shared",
      "provider": "provider[\"registry.terraform.io/hashicorp/aws\"]",
      "instances": [
        {
          "attributes": {
            "id": "pcx-appshared",
            "vpc_id": "vpc-app001",
            "peer_vpc_id": "vpc-shared001",
            "owner_id": "111111111111",
            "peer_owner_id": "222222222222",
            "accept_status": "active",
            "requester": {
              "vpc_id": "vpc-app001",
              "owner_id": "111111111111",
              "cidr_block": "10.10.0.0/16"
            },
            "accepter": {
              "vpc_id": "vpc-shared001",
              "owner_id": "222222222222",
              "cidr_block": "10.30.0.0/16"
            },
            "tags": {
              "Name": "app_to_shared"
            }
          }
        }
      ]
    },
    {
      "mode": "managed",
      "type": "aws_vpc_peering_connection",
      "name": "dmz_to_staging",
      "provider": "provider[\"registry.terraform.io/hashicorp/aws\"]",
      "instances": [
        {
          "attributes": {
            "id": "pcx-dmzstaging",
            "vpc_id": "vpc-dmz001",
            "peer_vpc_id": "vpc-staging001",
            "owner_id": "111111111111",
            "peer_owner_id": "333333333333",
            "accept_status": "active",
            "requester": {
              "vpc_id": "vpc-dmz001",
              "owner_id": "111111111111",
              "cidr_block": "10.0.0.0/16"
            },
            "accepter": {
              "vpc_id": "vpc-staging001",
              "owner_id": "333333333333",
              "cidr_block": "10.40.0.0/16"
            },
            "tags": {
              "Name": "dmz_to_staging"
            }
          }
        }
      ]
    },
    {
      "mode": "managed",
      "type": "aws_iam_role",
      "name": "bastion_role",
      "provider": "provider[\"registry.terraform.io/hashicorp/aws\"]",
      "instances": [
        {
          "attributes": {
            "id": "bastion-role",
            "name": "bastion-role",
            "arn": "arn:aws:iam::111111111111:role/bastion-role"
          }
        }
      ]
    },
    {
      "mode": "managed",
      "type": "aws_iam_instance_profile",
      "name": "bastion_role_profile",
      "provider": "provider[\"registry.terraform.io/hashicorp/aws\"]",
      "instances": [
        {
          "attributes": {
            "id": "bastion-role-profile",
            "name": "bastion-role-profile",
            "role": "bastion-role",
            "arn": "arn:aws:iam::111111111111:instance-profile/bastion-role-profile"
          }
        }
      ]
    },
    {
      "mode": "managed",
      "type": "aws_iam_role",
      "name": "web_role",
      "provider": "provider[\"registry.terraform.io/hashicorp/aws\"]",
      "instances": [
        {
          "attributes": {
            "id": "web-role",
            "name": "web-role",
            "arn": "arn:aws:iam::111111111111:role/web-role"
          }
        }
      ]
    },
    {
      "mode": "managed",
      "type": "aws_iam_instance_profile",
      "name": "web_role_profile",
      "provider": "provider[\"registry.terraform.io/hashicorp/aws\"]",
      "instances": [
        {
          "attributes": {
            "id": "web-role-profile",
            "name": "web-role-profile",
            "role": "web-role",
            "arn": "arn:aws:iam::111111111111:instance-profile/web-role-profile"
          }
        }
      ]
    },
    {
      "mode": "managed",
      "type": "aws_iam_role",
      "name": "app_role",
      "provider": "provider[\"registry.terraform.io/hashicorp/aws\"]",
      "instances": [
        {
          "attributes": {
            "id": "app-role",
            "name": "app-role",
            "arn": "arn:aws:iam::111111111111:role/app-role"
          }
        }
      ]
    },
    {
      "mode": "managed",
      "type": "aws_iam_instance_profile",
      "name": "app_role_profile",
      "provider": "provider[\"registry.terraform.io/hashicorp/aws\"]",
      "instances": [
        {
          "attributes": {
            "id": "app-role-profile",
            "name": "app-role-profile",
            "role": "app-role",
            "arn": "arn:aws:iam::111111111111:instance-profile/app-role-profile"
          }
        }
      ]
    },
    {
      "mode": "managed",
      "type": "aws_iam_role",
      "name": "pci_etl_role",
      "provider": "provider[\"registry.terraform.io/hashicorp/aws\"]",
      "instances": [
        {
          "attributes": {
            "id": "pci-etl-role",
            "name": "pci-etl-role",
            "arn": "arn:aws:iam::111111111111:role/pci-etl-role"
          }
        }
      ]
    },
    {
      "mode": "managed",
      "type": "aws_iam_instance_profile",
      "name": "pci_etl_role_profile",
      "provider": "provider[\"registry.terraform.io/hashicorp/aws\"]",
      "instances": [
        {
          "attributes": {
            "id": "pci-etl-role-profile",
            "name": "pci-etl-role-profile",
            "role": "pci-etl-role",
            "arn": "arn:aws:iam::111111111111:instance-profile/pci-etl-role-profile"
          }
        }
      ]
    },
    {
      "mode": "managed",
      "type": "aws_iam_role",
      "name": "cicd_runner_role",
      "provider": "provider[\"registry.terraform.io/hashicorp/aws\"]",
      "instances": [
        {
          "attributes": {
            "id": "cicd-runner-role",
            "name": "cicd-runner-role",
            "arn": "arn:aws:iam::222222222222:role/cicd-runner-role"
          }
        }
      ]
    },
    {
      "mode": "managed",
      "type": "aws_iam_instance_profile",
      "name": "cicd_runner_role_profile",
      "provider": "provider[\"registry.terraform.io/hashicorp/aws\"]",
      "instances": [
        {
          "attributes": {
            "id": "cicd-runner-role-profile",
            "name": "cicd-runner-role-profile",
            "role": "cicd-runner-role",
            "arn": "arn:aws:iam::222222222222:instance-profile/cicd-runner-role-profile"
          }
        }
      ]
    },
    {
      "mode": "managed",
      "type": "aws_iam_role",
      "name": "staging_canary_role",
      "provider": "provider[\"registry.terraform.io/hashicorp/aws\"]",
      "instances": [
        {
          "attributes": {
            "id": "staging-canary-role",
            "name": "staging-canary-role",
            "arn": "arn:aws:iam::333333333333:role/staging-canary-role"
          }
        }
      ]
    },
    {
      "mode": "managed",
      "type": "aws_iam_instance_profile",
      "name": "staging_canary_role_profile",
      "provider": "provider[\"registry.terraform.io/hashicorp/aws\"]",
      "instances": [
        {
          "attributes": {
            "id": "staging-canary-role-profile",
            "name": "staging-canary-role-profile",
            "role": "staging-canary-role",
            "arn": "arn:aws:iam::333333333333:instance-profile/staging-canary-role-profile"
          }
        }
      ]
    },
    {
      "mode": "managed",
      "type": "aws_iam_role_policy",
      "name": "web_read_assets",
      "provider": "provider[\"registry.terraform.io/hashicorp/aws\"]",
      "instances": [
        {
          "attributes": {
            "id": "web_read_assets",
            "name": "web_read_assets",
            "role": "web-role",
            "policy": "{\"Version\": \"2012-10-17\", \"Statement\": [{\"Effect\": \"Allow\", \"Action\": [\"s3:GetObject\", \"s3:ListBucket\"], \"Resource\": [\"arn:aws:s3:::corp-public-assets\", \"arn:aws:s3:::corp-public-assets/*\"]}]}"
          }
        }
      ]
    },
    {
      "mode": "managed",
      "type": "aws_iam_role_policy",
      "name": "app_data_rw",
      "provider": "provider[\"registry.terraform.io/hashicorp/aws\"]",
      "instances": [
        {
          "attributes": {
            "id": "app_data_rw",
            "name": "app_data_rw",
            "role": "app-role",
            "policy": "{\"Version\": \"2012-10-17\", \"Statement\": [{\"Effect\": \"Allow\", \"Action\": [\"s3:GetObject\", \"s3:PutObject\", \"s3:ListBucket\"], \"Resource\": [\"arn:aws:s3:::corp-app-data\", \"arn:aws:s3:::corp-app-data/*\", \"arn:aws:s3:::corp-session-store\", \"arn:aws:s3:::corp-session-store/*\"]}]}"
          }
        }
      ]
    },
    {
      "mode": "managed",
      "type": "aws_iam_role_policy",
      "name": "pci_backups",
      "provider": "provider[\"registry.terraform.io/hashicorp/aws\"]",
      "instances": [
        {
          "attributes": {
            "id": "pci_backups",
            "name": "pci_backups",
            "role": "pci-etl-role",
            "policy": "{\"Version\": \"2012-10-17\", \"Statement\": [{\"Effect\": \"Allow\", \"Action\": [\"s3:*\"], \"Resource\": [\"arn:aws:s3:::corp-pci-backups\", \"arn:aws:s3:::corp-pci-backups/*\"]}]}"
          }
        }
      ]
    },
    {
      "mode": "managed",
      "type": "aws_iam_role_policy",
      "name": "bastion_recon",
      "provider": "provider[\"registry.terraform.io/hashicorp/aws\"]",
      "instances": [
        {
          "attributes": {
            "id": "bastion_recon",
            "name": "bastion_recon",
            "role": "bastion-role",
            "policy": "{\"Version\": \"2012-10-17\", \"Statement\": [{\"Effect\": \"Allow\", \"Action\": [\"s3:ListBucket\", \"s3:GetObject\"], \"Resource\": [\"arn:aws:s3:::corp-public-assets\", \"arn:aws:s3:::corp-public-assets/*\", \"arn:aws:s3:::corp-app-data\", \"arn:aws:s3:::corp-app-data/*\"]}]}"
          }
        }
      ]
    },
    {
      "mode": "managed",
      "type": "aws_iam_role_policy",
      "name": "cicd_artifacts",
      "provider": "provider[\"registry.terraform.io/hashicorp/aws\"]",
      "instances": [
        {
          "attributes": {
            "id": "cicd_artifacts",
            "name": "cicd_artifacts",
            "role": "cicd-runner-role",
            "policy": "{\"Version\": \"2012-10-17\", \"Statement\": [{\"Effect\": \"Allow\", \"Action\": [\"s3:*\"], \"Resource\": [\"arn:aws:s3:::shared-cicd-artifacts\", \"arn:aws:s3:::shared-cicd-artifacts/*\", \"arn:aws:s3:::corp-app-data\", \"arn:aws:s3:::corp-app-data/*\"]}]}"
          }
        }
      ]
    },
    {
      "mode": "managed",
      "type": "aws_iam_role_policy",
      "name": "staging_scratch",
      "provider": "provider[\"registry.terraform.io/hashicorp/aws\"]",
      "instances": [
        {
          "attributes": {
            "id": "staging_scratch",
            "name": "staging_scratch",
            "role": "staging-canary-role",
            "policy": "{\"Version\": \"2012-10-17\", \"Statement\": [{\"Effect\": \"Allow\", \"Action\": [\"s3:GetObject\", \"s3:PutObject\"], \"Resource\": [\"arn:aws:s3:::staging-scratch\", \"arn:aws:s3:::staging-scratch/*\"]}]}"
          }
        }
      ]
    },
    {
      "mode": "managed",
      "type": "aws_s3_bucket",
      "name": "corp_public_assets",
      "provider": "provider[\"registry.terraform.io/hashicorp/aws\"]",
      "instances": [
        {
          "attributes": {
            "id": "corp-public-assets",
            "bucket": "corp-public-assets",
            "arn": "arn:aws:s3:::corp-public-assets",
            "owner_id": "111111111111",
            "acl": "public-read",
            "tags": {
              "Name": "corp-public-assets",
              "public": "true"
            }
          }
        }
      ]
    },
    {
      "mode": "managed",
      "type": "aws_s3_bucket",
      "name": "corp_app_data",
      "provider": "provider[\"registry.terraform.io/hashicorp/aws\"]",
      "instances": [
        {
          "attributes": {
            "id": "corp-app-data",
            "bucket": "corp-app-data",
            "arn": "arn:aws:s3:::corp-app-data",
            "owner_id": "111111111111",
            "acl": "private",
            "tags": {
              "Name": "corp-app-data",
              "sensitivity": "internal"
            }
          }
        }
      ]
    },
    {
      "mode": "managed",
      "type": "aws_s3_bucket",
      "name": "corp_session_store",
      "provider": "provider[\"registry.terraform.io/hashicorp/aws\"]",
      "instances": [
        {
          "attributes": {
            "id": "corp-session-store",
            "bucket": "corp-session-store",
            "arn": "arn:aws:s3:::corp-session-store",
            "owner_id": "111111111111",
            "acl": "private",
            "tags": {
              "Name": "corp-session-store",
              "sensitivity": "internal"
            }
          }
        }
      ]
    },
    {
      "mode": "managed",
      "type": "aws_s3_bucket",
      "name": "corp_pci_backups",
      "provider": "provider[\"registry.terraform.io/hashicorp/aws\"]",
      "instances": [
        {
          "attributes": {
            "id": "corp-pci-backups",
            "bucket": "corp-pci-backups",
            "arn": "arn:aws:s3:::corp-pci-backups",
            "owner_id": "111111111111",
            "acl": "private",
            "tags": {
              "Name": "corp-pci-backups",
              "sensitivity": "pci"
            }
          }
        }
      ]
    },
    {
      "mode": "managed",
      "type": "aws_s3_bucket",
      "name": "corp_analytics_lake",
      "provider": "provider[\"registry.terraform.io/hashicorp/aws\"]",
      "instances": [
        {
          "attributes": {
            "id": "corp-analytics-lake",
            "bucket": "corp-analytics-lake",
            "arn": "arn:aws:s3:::corp-analytics-lake",
            "owner_id": "111111111111",
            "acl": "private",
            "tags": {
              "Name": "corp-analytics-lake",
              "sensitivity": "confidential"
            }
          }
        }
      ]
    },
    {
      "mode": "managed",
      "type": "aws_s3_bucket",
      "name": "shared_cicd_artifacts",
      "provider": "provider[\"registry.terraform.io/hashicorp/aws\"]",
      "instances": [
        {
          "attributes": {
            "id": "shared-cicd-artifacts",
            "bucket": "shared-cicd-artifacts",
            "arn": "arn:aws:s3:::shared-cicd-artifacts",
            "owner_id": "222222222222",
            "acl": "private",
            "tags": {
              "Name": "shared-cicd-artifacts",
              "sensitivity": "supply-chain"
            }
          }
        }
      ]
    },
    {
      "mode": "managed",
      "type": "aws_s3_bucket",
      "name": "staging_scratch",
      "provider": "provider[\"registry.terraform.io/hashicorp/aws\"]",
      "instances": [
        {
          "attributes": {
            "id": "staging-scratch",
            "bucket": "staging-scratch",
            "arn": "arn:aws:s3:::staging-scratch",
            "owner_id": "333333333333",
            "acl": "private",
            "tags": {
              "Name": "staging-scratch"
            }
          }
        }
      ]
    },
    {
      "mode": "managed",
      "type": "aws_lb",
      "name": "corp_public_alb",
      "provider": "provider[\"registry.terraform.io/hashicorp/aws\"]",
      "instances": [
        {
          "attributes": {
            "id": "arn:aws:elasticloadbalancing:us-east-1:111111111111:loadbalancer/app/corp-public-alb/aaaaaaaaaaaaaaaa",
            "arn": "arn:aws:elasticloadbalancing:us-east-1:111111111111:loadbalancer/app/corp-public-alb/aaaaaaaaaaaaaaaa",
            "name": "corp-public-alb",
            "vpc_id": "vpc-dmz001",
            "security_groups": [
              "sg-dmzalb"
            ],
            "subnets": [
              "subnet-dmz1",
              "subnet-dmz2"
            ],
            "scheme": "internet-facing",
            "internal": false,
            "dns_name": "corp-public-alb-123.us-east-1.elb.amazonaws.com",
            "owner_id": "111111111111",
            "tags": {
              "Name": "corp-public-alb"
            }
          }
        }
      ]
    },
    {
      "mode": "managed",
      "type": "aws_lb",
      "name": "corp_app_alb",
      "provider": "provider[\"registry.terraform.io/hashicorp/aws\"]",
      "instances": [
        {
          "attributes": {
            "id": "arn:aws:elasticloadbalancing:us-east-1:111111111111:loadbalancer/app/corp-app-alb/bbbbbbbbbbbbbbbb",
            "arn": "arn:aws:elasticloadbalancing:us-east-1:111111111111:loadbalancer/app/corp-app-alb/bbbbbbbbbbbbbbbb",
            "name": "corp-app-alb",
            "vpc_id": "vpc-app001",
            "security_groups": [
              "sg-appalb"
            ],
            "subnets": [
              "subnet-app1",
              "subnet-app2"
            ],
            "scheme": "internal",
            "internal": true,
            "dns_name": "internal-corp-app-alb-456.us-east-1.elb.amazonaws.com",
            "owner_id": "111111111111",
            "tags": {
              "Name": "corp-app-alb"
            }
          }
        }
      ]
    },
    {
      "mode": "managed",
      "type": "aws_instance",
      "name": "bastion",
      "provider": "provider[\"registry.terraform.io/hashicorp/aws\"]",
      "instances": [
        {
          "attributes": {
            "id": "i-dmzbastion01",
            "vpc_id": "vpc-dmz001",
            "subnet_id": "subnet-dmz1",
            "private_ip": "10.0.1.10",
            "vpc_security_group_ids": [
              "sg-dmzbastion"
            ],
            "owner_id": "111111111111",
            "tags": {
              "Name": "bastion",
              "samoyed_caller": "true",
              "tier": "dmz"
            },
            "instance_state": "running",
            "public_ip": "203.0.113.10",
            "iam_instance_profile": "bastion-role-profile"
          }
        }
      ]
    },
    {
      "mode": "managed",
      "type": "aws_instance",
      "name": "web_1",
      "provider": "provider[\"registry.terraform.io/hashicorp/aws\"]",
      "instances": [
        {
          "attributes": {
            "id": "i-dmzweb01",
            "vpc_id": "vpc-dmz001",
            "subnet_id": "subnet-dmz1",
            "private_ip": "10.0.2.11",
            "vpc_security_group_ids": [
              "sg-dmzweb"
            ],
            "owner_id": "111111111111",
            "tags": {
              "Name": "web-1",
              "tier": "dmz"
            },
            "instance_state": "running",
            "iam_instance_profile": "web-role-profile"
          }
        }
      ]
    },
    {
      "mode": "managed",
      "type": "aws_instance",
      "name": "web_2",
      "provider": "provider[\"registry.terraform.io/hashicorp/aws\"]",
      "instances": [
        {
          "attributes": {
            "id": "i-dmzweb02",
            "vpc_id": "vpc-dmz001",
            "subnet_id": "subnet-dmz2",
            "private_ip": "10.0.2.12",
            "vpc_security_group_ids": [
              "sg-dmzweb"
            ],
            "owner_id": "111111111111",
            "tags": {
              "Name": "web-2",
              "tier": "dmz"
            },
            "instance_state": "running",
            "iam_instance_profile": "web-role-profile"
          }
        }
      ]
    },
    {
      "mode": "managed",
      "type": "aws_instance",
      "name": "edge_proxy",
      "provider": "provider[\"registry.terraform.io/hashicorp/aws\"]",
      "instances": [
        {
          "attributes": {
            "id": "i-dmzproxy01",
            "vpc_id": "vpc-dmz001",
            "subnet_id": "subnet-dmz1",
            "private_ip": "10.0.3.15",
            "vpc_security_group_ids": [
              "sg-dmzweb"
            ],
            "owner_id": "111111111111",
            "tags": {
              "Name": "edge-proxy",
              "tier": "dmz"
            },
            "instance_state": "running",
            "public_ip": "203.0.113.15",
            "iam_instance_profile": "web-role-profile"
          }
        }
      ]
    },
    {
      "mode": "managed",
      "type": "aws_instance",
      "name": "app_api_1",
      "provider": "provider[\"registry.terraform.io/hashicorp/aws\"]",
      "instances": [
        {
          "attributes": {
            "id": "i-appapi01",
            "vpc_id": "vpc-app001",
            "subnet_id": "subnet-app1",
            "private_ip": "10.10.1.21",
            "vpc_security_group_ids": [
              "sg-appsvc"
            ],
            "owner_id": "111111111111",
            "tags": {
              "Name": "app-api-1",
              "tier": "app"
            },
            "instance_state": "running",
            "iam_instance_profile": "app-role-profile"
          }
        }
      ]
    },
    {
      "mode": "managed",
      "type": "aws_instance",
      "name": "app_api_2",
      "provider": "provider[\"registry.terraform.io/hashicorp/aws\"]",
      "instances": [
        {
          "attributes": {
            "id": "i-appapi02",
            "vpc_id": "vpc-app001",
            "subnet_id": "subnet-app1",
            "private_ip": "10.10.1.22",
            "vpc_security_group_ids": [
              "sg-appsvc"
            ],
            "owner_id": "111111111111",
            "tags": {
              "Name": "app-api-2",
              "tier": "app"
            },
            "instance_state": "running",
            "iam_instance_profile": "app-role-profile"
          }
        }
      ]
    },
    {
      "mode": "managed",
      "type": "aws_instance",
      "name": "app_api_3",
      "provider": "provider[\"registry.terraform.io/hashicorp/aws\"]",
      "instances": [
        {
          "attributes": {
            "id": "i-appapi03",
            "vpc_id": "vpc-app001",
            "subnet_id": "subnet-app2",
            "private_ip": "10.10.2.23",
            "vpc_security_group_ids": [
              "sg-appsvc"
            ],
            "owner_id": "111111111111",
            "tags": {
              "Name": "app-api-3",
              "tier": "app"
            },
            "instance_state": "running",
            "iam_instance_profile": "app-role-profile"
          }
        }
      ]
    },
    {
      "mode": "managed",
      "type": "aws_instance",
      "name": "app_worker_1",
      "provider": "provider[\"registry.terraform.io/hashicorp/aws\"]",
      "instances": [
        {
          "attributes": {
            "id": "i-appworker01",
            "vpc_id": "vpc-app001",
            "subnet_id": "subnet-app2",
            "private_ip": "10.10.3.31",
            "vpc_security_group_ids": [
              "sg-appsvc"
            ],
            "owner_id": "111111111111",
            "tags": {
              "Name": "app-worker-1",
              "tier": "app"
            },
            "instance_state": "running",
            "iam_instance_profile": "app-role-profile"
          }
        }
      ]
    },
    {
      "mode": "managed",
      "type": "aws_instance",
      "name": "app_worker_2",
      "provider": "provider[\"registry.terraform.io/hashicorp/aws\"]",
      "instances": [
        {
          "attributes": {
            "id": "i-appworker02",
            "vpc_id": "vpc-app001",
            "subnet_id": "subnet-app2",
            "private_ip": "10.10.3.32",
            "vpc_security_group_ids": [
              "sg-appsvc"
            ],
            "owner_id": "111111111111",
            "tags": {
              "Name": "app-worker-2",
              "tier": "app"
            },
            "instance_state": "running",
            "iam_instance_profile": "app-role-profile"
          }
        }
      ]
    },
    {
      "mode": "managed",
      "type": "aws_instance",
      "name": "pci_db_primary",
      "provider": "provider[\"registry.terraform.io/hashicorp/aws\"]",
      "instances": [
        {
          "attributes": {
            "id": "i-pcidb01",
            "vpc_id": "vpc-pci001",
            "subnet_id": "subnet-pci1",
            "private_ip": "10.20.1.40",
            "vpc_security_group_ids": [
              "sg-pcidata"
            ],
            "owner_id": "111111111111",
            "tags": {
              "Name": "pci-db-primary",
              "tier": "pci",
              "sensitivity": "pci"
            },
            "instance_state": "running"
          }
        }
      ]
    },
    {
      "mode": "managed",
      "type": "aws_instance",
      "name": "pci_db_replica",
      "provider": "provider[\"registry.terraform.io/hashicorp/aws\"]",
      "instances": [
        {
          "attributes": {
            "id": "i-pcidb02",
            "vpc_id": "vpc-pci001",
            "subnet_id": "subnet-pci2",
            "private_ip": "10.20.2.41",
            "vpc_security_group_ids": [
              "sg-pcidata"
            ],
            "owner_id": "111111111111",
            "tags": {
              "Name": "pci-db-replica",
              "tier": "pci",
              "sensitivity": "pci"
            },
            "instance_state": "running"
          }
        }
      ]
    },
    {
      "mode": "managed",
      "type": "aws_instance",
      "name": "pci_etl",
      "provider": "provider[\"registry.terraform.io/hashicorp/aws\"]",
      "instances": [
        {
          "attributes": {
            "id": "i-pcietl01",
            "vpc_id": "vpc-pci001",
            "subnet_id": "subnet-pci1",
            "private_ip": "10.20.1.50",
            "vpc_security_group_ids": [
              "sg-pcidata"
            ],
            "owner_id": "111111111111",
            "tags": {
              "Name": "pci-etl",
              "tier": "pci",
              "sensitivity": "pci"
            },
            "instance_state": "running",
            "iam_instance_profile": "pci-etl-role-profile"
          }
        }
      ]
    },
    {
      "mode": "managed",
      "type": "aws_instance",
      "name": "cicd_runner_1",
      "provider": "provider[\"registry.terraform.io/hashicorp/aws\"]",
      "instances": [
        {
          "attributes": {
            "id": "i-cicdrun01",
            "vpc_id": "vpc-shared001",
            "subnet_id": "subnet-shared1",
            "private_ip": "10.30.1.60",
            "vpc_security_group_ids": [
              "sg-sharedcicd"
            ],
            "owner_id": "222222222222",
            "tags": {
              "Name": "cicd-runner-1",
              "tier": "cicd"
            },
            "instance_state": "running",
            "iam_instance_profile": "cicd-runner-role-profile"
          }
        }
      ]
    },
    {
      "mode": "managed",
      "type": "aws_instance",
      "name": "cicd_runner_2",
      "provider": "provider[\"registry.terraform.io/hashicorp/aws\"]",
      "instances": [
        {
          "attributes": {
            "id": "i-cicdrun02",
            "vpc_id": "vpc-shared001",
            "subnet_id": "subnet-shared1",
            "private_ip": "10.30.1.61",
            "vpc_security_group_ids": [
              "sg-sharedcicd"
            ],
            "owner_id": "222222222222",
            "tags": {
              "Name": "cicd-runner-2",
              "tier": "cicd"
            },
            "instance_state": "running",
            "iam_instance_profile": "cicd-runner-role-profile"
          }
        }
      ]
    },
    {
      "mode": "managed",
      "type": "aws_instance",
      "name": "log_aggregator",
      "provider": "provider[\"registry.terraform.io/hashicorp/aws\"]",
      "instances": [
        {
          "attributes": {
            "id": "i-sharedlog01",
            "vpc_id": "vpc-shared001",
            "subnet_id": "subnet-shared2",
            "private_ip": "10.30.2.70",
            "vpc_security_group_ids": [
              "sg-sharedcicd"
            ],
            "owner_id": "222222222222",
            "tags": {
              "Name": "log-aggregator",
              "tier": "shared"
            },
            "instance_state": "running"
          }
        }
      ]
    },
    {
      "mode": "managed",
      "type": "aws_instance",
      "name": "staging_canary",
      "provider": "provider[\"registry.terraform.io/hashicorp/aws\"]",
      "instances": [
        {
          "attributes": {
            "id": "i-stgcanary01",
            "vpc_id": "vpc-staging001",
            "subnet_id": "subnet-stg1",
            "private_ip": "10.40.1.80",
            "vpc_security_group_ids": [
              "sg-stagingopen"
            ],
            "owner_id": "333333333333",
            "tags": {
              "Name": "staging-canary",
              "tier": "staging"
            },
            "instance_state": "running",
            "public_ip": "203.0.113.80",
            "iam_instance_profile": "staging-canary-role-profile"
          }
        }
      ]
    },
    {
      "mode": "managed",
      "type": "aws_instance",
      "name": "staging_api",
      "provider": "provider[\"registry.terraform.io/hashicorp/aws\"]",
      "instances": [
        {
          "attributes": {
            "id": "i-stgapi01",
            "vpc_id": "vpc-staging001",
            "subnet_id": "subnet-stg1",
            "private_ip": "10.40.1.81",
            "vpc_security_group_ids": [
              "sg-stagingopen"
            ],
            "owner_id": "333333333333",
            "tags": {
              "Name": "staging-api",
              "tier": "staging"
            },
            "instance_state": "running"
          }
        }
      ]
    },
    {
      "mode": "managed",
      "type": "aws_lb_target_group_attachment",
      "name": "pub_to_web1",
      "provider": "provider[\"registry.terraform.io/hashicorp/aws\"]",
      "instances": [
        {
          "attributes": {
            "target_id": "i-dmzweb01",
            "load_balancer_arn": "arn:aws:elasticloadbalancing:us-east-1:111111111111:loadbalancer/app/corp-public-alb/aaaaaaaaaaaaaaaa",
            "port": 443,
            "tags": {
              "lb": "arn:aws:elasticloadbalancing:us-east-1:111111111111:loadbalancer/app/corp-public-alb/aaaaaaaaaaaaaaaa"
            }
          }
        }
      ]
    },
    {
      "mode": "managed",
      "type": "aws_lb_target_group_attachment",
      "name": "pub_to_web2",
      "provider": "provider[\"registry.terraform.io/hashicorp/aws\"]",
      "instances": [
        {
          "attributes": {
            "target_id": "i-dmzweb02",
            "load_balancer_arn": "arn:aws:elasticloadbalancing:us-east-1:111111111111:loadbalancer/app/corp-public-alb/aaaaaaaaaaaaaaaa",
            "port": 443,
            "tags": {
              "lb": "arn:aws:elasticloadbalancing:us-east-1:111111111111:loadbalancer/app/corp-public-alb/aaaaaaaaaaaaaaaa"
            }
          }
        }
      ]
    },
    {
      "mode": "managed",
      "type": "aws_lb_target_group_attachment",
      "name": "app_to_api1",
      "provider": "provider[\"registry.terraform.io/hashicorp/aws\"]",
      "instances": [
        {
          "attributes": {
            "target_id": "i-appapi01",
            "load_balancer_arn": "arn:aws:elasticloadbalancing:us-east-1:111111111111:loadbalancer/app/corp-app-alb/bbbbbbbbbbbbbbbb",
            "port": 443,
            "tags": {
              "lb": "arn:aws:elasticloadbalancing:us-east-1:111111111111:loadbalancer/app/corp-app-alb/bbbbbbbbbbbbbbbb"
            }
          }
        }
      ]
    },
    {
      "mode": "managed",
      "type": "aws_lb_target_group_attachment",
      "name": "app_to_api2",
      "provider": "provider[\"registry.terraform.io/hashicorp/aws\"]",
      "instances": [
        {
          "attributes": {
            "target_id": "i-appapi02",
            "load_balancer_arn": "arn:aws:elasticloadbalancing:us-east-1:111111111111:loadbalancer/app/corp-app-alb/bbbbbbbbbbbbbbbb",
            "port": 443,
            "tags": {
              "lb": "arn:aws:elasticloadbalancing:us-east-1:111111111111:loadbalancer/app/corp-app-alb/bbbbbbbbbbbbbbbb"
            }
          }
        }
      ]
    },
    {
      "mode": "managed",
      "type": "aws_lb_target_group_attachment",
      "name": "app_to_api3",
      "provider": "provider[\"registry.terraform.io/hashicorp/aws\"]",
      "instances": [
        {
          "attributes": {
            "target_id": "i-appapi03",
            "load_balancer_arn": "arn:aws:elasticloadbalancing:us-east-1:111111111111:loadbalancer/app/corp-app-alb/bbbbbbbbbbbbbbbb",
            "port": 443,
            "tags": {
              "lb": "arn:aws:elasticloadbalancing:us-east-1:111111111111:loadbalancer/app/corp-app-alb/bbbbbbbbbbbbbbbb"
            }
          }
        }
      ]
    },
    {
      "mode": "managed",
      "type": "aws_lambda_function",
      "name": "pci_reporter",
      "provider": "provider[\"registry.terraform.io/hashicorp/aws\"]",
      "instances": [
        {
          "attributes": {
            "function_name": "pci-reporter",
            "arn": "arn:aws:lambda:us-east-1:111111111111:function:pci-reporter",
            "role": "arn:aws:iam::111111111111:role/pci-etl-role",
            "vpc_config": {
              "vpc_id": "vpc-pci001",
              "subnet_ids": [
                "subnet-pci1"
              ],
              "security_group_ids": [
                "sg-pcidata"
              ]
            },
            "tags": {
              "Name": "pci-reporter",
              "sensitivity": "pci"
            }
          }
        }
      ]
    },
    {
      "mode": "managed",
      "type": "aws_iam_role_policy",
      "name": "web_assume_bastion",
      "provider": "provider[\"registry.terraform.io/hashicorp/aws\"]",
      "instances": [
        {
          "attributes": {
            "id": "web_assume_bastion",
            "name": "web_assume_bastion",
            "role": "web-role",
            "policy": "{\"Version\": \"2012-10-17\", \"Statement\": [{\"Effect\": \"Allow\", \"Action\": [\"sts:AssumeRole\"], \"Resource\": [\"arn:aws:iam::111111111111:role/bastion-role\"]}]}"
          }
        }
      ]
    },
    {
      "mode": "managed",
      "type": "aws_iam_role",
      "name": "legacy_monitoring_role",
      "provider": "provider[\"registry.terraform.io/hashicorp/aws\"]",
      "instances": [
        {
          "attributes": {
            "id": "legacy-monitoring-role",
            "name": "legacy-monitoring-role",
            "arn": "arn:aws:iam::111111111111:role/legacy-monitoring-role"
          }
        }
      ]
    },
    {
      "mode": "managed",
      "type": "aws_s3_bucket",
      "name": "decoy_cloudtrail_archive",
      "provider": "provider[\"registry.terraform.io/hashicorp/aws\"]",
      "instances": [
        {
          "attributes": {
            "id": "corp-decoy-cloudtrail-archive",
            "bucket": "corp-decoy-cloudtrail-archive",
            "arn": "arn:aws:s3:::corp-decoy-cloudtrail-archive",
            "tags": {
              "Name": "corp-decoy-cloudtrail-archive",
              "tier": "decoy"
            }
          }
        }
      ]
    },
    {
      "mode": "managed",
      "type": "aws_iam_role_policy",
      "name": "legacy_monitoring_decoy",
      "provider": "provider[\"registry.terraform.io/hashicorp/aws\"]",
      "instances": [
        {
          "attributes": {
            "id": "legacy_monitoring_decoy",
            "name": "legacy_monitoring_decoy",
            "role": "legacy-monitoring-role",
            "policy": "{\"Version\": \"2012-10-17\", \"Statement\": [{\"Effect\": \"Allow\", \"Action\": [\"s3:ListBucket\", \"s3:GetObject\"], \"Resource\": [\"arn:aws:s3:::corp-decoy-cloudtrail-archive\", \"arn:aws:s3:::corp-decoy-cloudtrail-archive/*\"]}]}"
          }
        }
      ]
    }
  ]
}
